
Microsoft Visual Studio Solution File, Format Version 12.00
# Visual Studio 15
VisualStudioVersion = 15.0.28010.2048
MinimumVisualStudioVersion = 10.0.40219.1
Project("{FAE04EC0-301F-11D3-BF4B-00C04F79EFBC}") = "OrganizationApp", "OrganizationApp\OrganizationApp.csproj", "{0C31FA19-11FC-4FCF-95D7-49E072478C24}"
EndProject
Project("{FAE04EC0-301F-11D3-BF4B-00C04F79EFBC}") = "OrganizationApp.Tests", "OrganizationApp.Tests\OrganizationApp.Tests.csproj", "{EF9746D7-3326-409F-8BE9-0C487C63089F}"
EndProject
Project("{FAE04EC0-301F-11D3-BF4B-00C04F79EFBC}") = "OrganizationApp.Models", "OrganizationApp.Models\OrganizationApp.Models.csproj", "{56F0C9B4-286A-4A5D-BAA3-06ECD052FD73}"
EndProject
Global
	GlobalSection(SolutionConfigurationPlatforms) = preSolution
		Debug|Any CPU = Debug|Any CPU
		Release|Any CPU = Release|Any CPU
	EndGlobalSection
	GlobalSection(ProjectConfigurationPlatforms) = postSolution
		{0C31FA19-11FC-4FCF-95D7-49E072478C24}.Debug|Any CPU.ActiveCfg = Debug|Any CPU
		{0C31FA19-11FC-4FCF-95D7-49E072478C24}.Debug|Any CPU.Build.0 = Debug|Any CPU
		{0C31FA19-11FC-4FCF-95D7-49E072478C24}.Release|Any CPU.ActiveCfg = Release|Any CPU
		{0C31FA19-11FC-4FCF-95D7-49E072478C24}.Release|Any CPU.Build.0 = Release|Any CPU
		{EF9746D7-3326-409F-8BE9-0C487C63089F}.Debug|Any CPU.ActiveCfg = Debug|Any CPU
		{EF9746D7-3326-409F-8BE9-0C487C63089F}.Debug|Any CPU.Build.0 = Debug|Any CPU
		{EF9746D7-3326-409F-8BE9-0C487C63089F}.Release|Any CPU.ActiveCfg = Release|Any CPU
		{EF9746D7-3326-409F-8BE9-0C487C63089F}.Release|Any CPU.Build.0 = Release|Any CPU
		{56F0C9B4-286A-4A5D-BAA3-06ECD052FD73}.Debug|Any CPU.ActiveCfg = Debug|Any CPU
		{56F0C9B4-286A-4A5D-BAA3-06ECD052FD73}.Debug|Any CPU.Build.0 = Debug|Any CPU
		{56F0C9B4-286A-4A5D-BAA3-06ECD052FD73}.Release|Any CPU.ActiveCfg = Release|Any CPU
		{56F0C9B4-286A-4A5D-BAA3-06ECD052FD73}.Release|Any CPU.Build.0 = Release|Any CPU
	EndGlobalSection
	GlobalSection(SolutionProperties) = preSolution
		HideSolutionNode = FALSE
	EndGlobalSection
	GlobalSection(ExtensibilityGlobals) = postSolution
		SolutionGuid = {642B1DD5-565C-46CD-9D7A-EF503CAEE1D6}
	EndGlobalSection
EndGlobal
